
Microsoft Visual Studio Solution File, Format Version 12.00
# Visual Studio Version 17
VisualStudioVersion = 17.10.35013.160
MinimumVisualStudioVersion = 10.0.40219.1
Project("{FAE04EC0-301F-11D3-BF4B-00C04F79EFBC}") = "ImportDataSQL", "ImportDataSQL.csproj", "{B53B5B98-5AE4-403B-BD6E-DDE5C1241421}"
EndProject
Global
	GlobalSection(SolutionConfigurationPlatforms) = preSolution
		Debug|Any CPU = Debug|Any CPU
		Release|Any CPU = Release|Any CPU
	EndGlobalSection
	GlobalSection(ProjectConfigurationPlatforms) = postSolution
		{B53B5B98-5AE4-403B-BD6E-DDE5C1241421}.Debug|Any CPU.ActiveCfg = Debug|Any CPU
		{B53B5B98-5AE4-403B-BD6E-DDE5C1241421}.Debug|Any CPU.Build.0 = Debug|Any CPU
		{B53B5B98-5AE4-403B-BD6E-DDE5C1241421}.Release|Any CPU.ActiveCfg = Release|Any CPU
		{B53B5B98-5AE4-403B-BD6E-DDE5C1241421}.Release|Any CPU.Build.0 = Release|Any CPU
	EndGlobalSection
	GlobalSection(SolutionProperties) = preSolution
		HideSolutionNode = FALSE
	EndGlobalSection
	GlobalSection(ExtensibilityGlobals) = postSolution
		SolutionGuid = {220B8A2A-2CC4-4F80-B1D4-67DD8ACD3DD5}
	EndGlobalSection
EndGlobal
